{
  "name": "mergecsv",
  "version": "1.0.0",
  "lockfileVersion": 1,
  "requires": true,
  "dependencies": {
    "csvjson-csv2json": {
      "version": "5.0.6",
      "resolved": "https://registry.npmjs.org/csvjson-csv2json/-/csvjson-csv2json-5.0.6.tgz",
      "integrity": "sha512-to9QlVI4yQFPzSqi6XZ97lULKs5m3K8hlE/UkbvKSw81FfDwgV9MUtSbHFJ4SRT4IA7UPkuW2EqsH/MWN5YRow=="
    },
    "csvjson-json2csv": {
      "version": "1.0.3",
      "resolved": "https://registry.npmjs.org/csvjson-json2csv/-/csvjson-json2csv-1.0.3.tgz",
      "integrity": "sha512-Df9JFb0UonoEWy2Th+gLtawoGc6pHsLe3MTJdIDzOJo7Lvk3UM7vsBcO8MJc26VoswEF+ebLiy9lnfmLYefl3w=="
    }
  }
}
